
Microsoft Visual Studio Solution File, Format Version 12.00
# Visual Studio Version 17
VisualStudioVersion = 17.14.35806.103 d17.14
MinimumVisualStudioVersion = 10.0.40219.1
Project("{FAE04EC0-301F-11D3-BF4B-00C04F79EFBC}") = "Krypton.Palettes 2022", "Krypton.Palettes\Krypton.Palettes 2022.csproj", "{CCE9B815-8124-49CD-BA43-23924D6F2082}"
EndProject
Global
	GlobalSection(SolutionConfigurationPlatforms) = preSolution
		Debug|Any CPU = Debug|Any CPU
		Release|Any CPU = Release|Any CPU
	EndGlobalSection
	GlobalSection(ProjectConfigurationPlatforms) = postSolution
		{CCE9B815-8124-49CD-BA43-23924D6F2082}.Debug|Any CPU.ActiveCfg = Debug|Any CPU
		{CCE9B815-8124-49CD-BA43-23924D6F2082}.Debug|Any CPU.Build.0 = Debug|Any CPU
		{CCE9B815-8124-49CD-BA43-23924D6F2082}.Release|Any CPU.ActiveCfg = Release|Any CPU
		{CCE9B815-8124-49CD-BA43-23924D6F2082}.Release|Any CPU.Build.0 = Release|Any CPU
	EndGlobalSection
	GlobalSection(SolutionProperties) = preSolution
		HideSolutionNode = FALSE
	EndGlobalSection
	GlobalSection(ExtensibilityGlobals) = postSolution
		SolutionGuid = {1138617A-50DF-4238-8D0E-E1E07E3F2AEE}
	EndGlobalSection
EndGlobal
